// !$*UTF8*$!
{
	archiveVersion = 1;
	classes = {
	};
	objectVersion = 46;
	objects = {

/* Begin PBXBuildFile section */
		3609FCFC1EE1AECD003F52C5 /* main.cpp in Sources */ = {isa = PBXBuildFile; fileRef = 3609FCFB1EE1AECD003F52C5 /* main.cpp */; };
		362428081EE1B36100E5BB65 /* OpenGL.framework in Frameworks */ = {isa = PBXBuildFile; fileRef = 362428071EE1B36100E5BB65 /* OpenGL.framework */; };
		3624280A1EE1B52400E5BB65 /* libGLEW.2.0.0.dylib in Frameworks */ = {isa = PBXBuildFile; fileRef = 362428091EE1B52400E5BB65 /* libGLEW.2.0.0.dylib */; };
		3624280C1EE1B53300E5BB65 /* libglfw.3.2.dylib in Frameworks */ = {isa = PBXBuildFile; fileRef = 3624280B1EE1B53300E5BB65 /* libglfw.3.2.dylib */; };
		36B181D21EE1FEEC00455636 /* display.cpp in Sources */ = {isa = PBXBuildFile; fileRef = 36B181D01EE1FEEC00455636 /* display.cpp */; };
/* End PBXBuildFile section */

/* Begin PBXCopyFilesBuildPhase section */
		3609FCF61EE1AECD003F52C5 /* CopyFiles */ = {
			isa = PBXCopyFilesBuildPhase;
			buildActionMask = 2147483647;
			dstPath = /usr/share/man/man1/;
			dstSubfolderSpec = 0;
			files = (
			);
			runOnlyForDeploymentPostprocessing = 1;
		};
/* End PBXCopyFilesBuildPhase section */

/* Begin PBXFileReference section */
		3609FCF81EE1AECD003F52C5 /* learning-1 */ = {isa = PBXFileReference; explicitFileType = "compiled.mach-o.executable"; includeInIndex = 0; path = "learning-1"; sourceTree = BUILT_PRODUCTS_DIR; };
		3609FCFB1EE1AECD003F52C5 /* main.cpp */ = {isa = PBXFileReference; lastKnownFileType = sourcecode.cpp.cpp; path = main.cpp; sourceTree = "<group>"; };
		362428071EE1B36100E5BB65 /* OpenGL.framework */ = {isa = PBXFileReference; lastKnownFileType = wrapper.framework; name = OpenGL.framework; path = System/Library/Frameworks/OpenGL.framework; sourceTree = SDKROOT; };
		362428091EE1B52400E5BB65 /* libGLEW.2.0.0.dylib */ = {isa = PBXFileReference; lastKnownFileType = "compiled.mach-o.dylib"; name = libGLEW.2.0.0.dylib; path = ../../../../usr/local/Cellar/glew/2.0.0/lib/libGLEW.2.0.0.dylib; sourceTree = "<group>"; };
		3624280B1EE1B53300E5BB65 /* libglfw.3.2.dylib */ = {isa = PBXFileReference; lastKnownFileType = "compiled.mach-o.dylib"; name = libglfw.3.2.dylib; path = ../../../../usr/local/Cellar/glfw/3.2.1/lib/libglfw.3.2.dylib; sourceTree = "<group>"; };
		36B181D01EE1FEEC00455636 /* display.cpp */ = {isa = PBXFileReference; fileEncoding = 4; lastKnownFileType = sourcecode.cpp.cpp; path = display.cpp; sourceTree = "<group>"; };
		36B181D11EE1FEEC00455636 /* display.hpp */ = {isa = PBXFileReference; fileEncoding = 4; lastKnownFileType = sourcecode.cpp.h; path = display.hpp; sourceTree = "<group>"; };
/* End PBXFileReference section */

/* Begin PBXFrameworksBuildPhase section */
		3609FCF51EE1AECD003F52C5 /* Frameworks */ = {
			isa = PBXFrameworksBuildPhase;
			buildActionMask = 2147483647;
			files = (
				3624280C1EE1B53300E5BB65 /* libglfw.3.2.dylib in Frameworks */,
				3624280A1EE1B52400E5BB65 /* libGLEW.2.0.0.dylib in Frameworks */,
				362428081EE1B36100E5BB65 /* OpenGL.framework in Frameworks */,
			);
			runOnlyForDeploymentPostprocessing = 0;
		};
/* End PBXFrameworksBuildPhase section */

/* Begin PBXGroup section */
		3609FCEF1EE1AECD003F52C5 = {
			isa = PBXGroup;
			children = (
				3609FCFA1EE1AECD003F52C5 /* learning-1 */,
				3609FCF91EE1AECD003F52C5 /* Products */,
				362428061EE1B36000E5BB65 /* Frameworks */,
			);
			sourceTree = "<group>";
		};
		3609FCF91EE1AECD003F52C5 /* Products */ = {
			isa = PBXGroup;
			children = (
				3609FCF81EE1AECD003F52C5 /* learning-1 */,
			);
			name = Products;
			sourceTree = "<group>";
		};
		3609FCFA1EE1AECD003F52C5 /* learning-1 */ = {
			isa = PBXGroup;
			children = (
				3609FCFB1EE1AECD003F52C5 /* main.cpp */,
				36B181D31EE2014900455636 /* Display */,
			);
			path = "learning-1";
			sourceTree = "<group>";
		};
		362428061EE1B36000E5BB65 /* Frameworks */ = {
			isa = PBXGroup;
			children = (
				3624280B1EE1B53300E5BB65 /* libglfw.3.2.dylib */,
				362428091EE1B52400E5BB65 /* libGLEW.2.0.0.dylib */,
				362428071EE1B36100E5BB65 /* OpenGL.framework */,
			);
			name = Frameworks;
			sourceTree = "<group>";
		};
		36B181D31EE2014900455636 /* Display */ = {
			isa = PBXGroup;
			children = (
				36B181D01EE1FEEC00455636 /* display.cpp */,
				36B181D11EE1FEEC00455636 /* display.hpp */,
			);
			name = Display;
			sourceTree = "<group>";
		};
/* End PBXGroup section */

/* Begin PBXNativeTarget section */
		3609FCF71EE1AECD003F52C5 /* learning-1 */ = {
			isa = PBXNativeTarget;
			buildConfigurationList = 3609FCFF1EE1AECD003F52C5 /* Build configuration list for PBXNativeTarget "learning-1" */;
			buildPhases = (
				3609FCF41EE1AECD003F52C5 /* Sources */,
				3609FCF51EE1AECD003F52C5 /* Frameworks */,
				3609FCF61EE1AECD003F52C5 /* CopyFiles */,
			);
			buildRules = (
			);
			dependencies = (
			);
			name = "learning-1";
			productName = "learning-1";
			productReference = 3609FCF81EE1AECD003F52C5 /* learning-1 */;
			productType = "com.apple.product-type.tool";
		};
/* End PBXNativeTarget section */

/* Begin PBXProject section */
		3609FCF01EE1AECD003F52C5 /* Project object */ = {
			isa = PBXProject;
			attributes = {
				LastUpgradeCheck = 0830;
				ORGANIZATIONNAME = "Tyler Angert";
				TargetAttributes = {
					3609FCF71EE1AECD003F52C5 = {
						CreatedOnToolsVersion = 8.3.2;
						ProvisioningStyle = Automatic;
					};
				};
			};
			buildConfigurationList = 3609FCF31EE1AECD003F52C5 /* Build configuration list for PBXProject "learning-1" */;
			compatibilityVersion = "Xcode 3.2";
			developmentRegion = English;
			hasScannedForEncodings = 0;
			knownRegions = (
				en,
			);
			mainGroup = 3609FCEF1EE1AECD003F52C5;
			productRefGroup = 3609FCF91EE1AECD003F52C5 /* Products */;
			projectDirPath = "";
			projectRoot = "";
			targets = (
				3609FCF71EE1AECD003F52C5 /* learning-1 */,
			);
		};
/* End PBXProject section */

/* Begin PBXSourcesBuildPhase section */
		3609FCF41EE1AECD003F52C5 /* Sources */ = {
			isa = PBXSourcesBuildPhase;
			buildActionMask = 2147483647;
			files = (
				36B181D21EE1FEEC00455636 /* display.cpp in Sources */,
				3609FCFC1EE1AECD003F52C5 /* main.cpp in Sources */,
			);
			runOnlyForDeploymentPostprocessing = 0;
		};
/* End PBXSourcesBuildPhase section */

/* Begin XCBuildConfiguration section */
		3609FCFD1EE1AECD003F52C5 /* Debug */ = {
			isa = XCBuildConfiguration;
			buildSettings = {
				ALWAYS_SEARCH_USER_PATHS = NO;
				CLANG_ANALYZER_NONNULL = YES;
				CLANG_ANALYZER_NUMBER_OBJECT_CONVERSION = YES_AGGRESSIVE;
				CLANG_CXX_LANGUAGE_STANDARD = "gnu++0x";
				CLANG_CXX_LIBRARY = "libc++";
				CLANG_ENABLE_MODULES = YES;
				CLANG_ENABLE_OBJC_ARC = YES;
				CLANG_WARN_BOOL_CONVERSION = YES;
				CLANG_WARN_CONSTANT_CONVERSION = YES;
				CLANG_WARN_DIRECT_OBJC_ISA_USAGE = YES_ERROR;
				CLANG_WARN_DOCUMENTATION_COMMENTS = YES;
				CLANG_WARN_EMPTY_BODY = YES;
				CLANG_WARN_ENUM_CONVERSION = YES;
				CLANG_WARN_INFINITE_RECURSION = YES;
				CLANG_WARN_INT_CONVERSION = YES;
				CLANG_WARN_OBJC_ROOT_CLASS = YES_ERROR;
				CLANG_WARN_SUSPICIOUS_MOVE = YES;
				CLANG_WARN_UNREACHABLE_CODE = YES;
				CLANG_WARN__DUPLICATE_METHOD_MATCH = YES;
				CODE_SIGN_IDENTITY = "-";
				COPY_PHASE_STRIP = NO;
				DEBUG_INFORMATION_FORMAT = dwarf;
				ENABLE_STRICT_OBJC_MSGSEND = YES;
				ENABLE_TESTABILITY = YES;
				GCC_C_LANGUAGE_STANDARD = gnu99;
				GCC_DYNAMIC_NO_PIC = NO;
				GCC_NO_COMMON_BLOCKS = YES;
				GCC_OPTIMIZATION_LEVEL = 0;
				GCC_PREPROCESSOR_DEFINITIONS = (
					"DEBUG=1",
					"$(inherited)",
				);
				GCC_WARN_64_TO_32_BIT_CONVERSION = YES;
				GCC_WARN_ABOUT_RETURN_TYPE = YES_ERROR;
				GCC_WARN_UNDECLARED_SELECTOR = YES;
				GCC_WARN_UNINITIALIZED_AUTOS = YES_AGGRESSIVE;
				GCC_WARN_UNUSED_FUNCTION = YES;
				GCC_WARN_UNUSED_VARIABLE = YES;
				MACOSX_DEPLOYMENT_TARGET = 10.12;
				MTL_ENABLE_DEBUG_INFO = YES;
				ONLY_ACTIVE_ARCH = YES;
				SDKROOT = macosx;
			};
			name = Debug;
		};
		3609FCFE1EE1AECD003F52C5 /* Release */ = {
			isa = XCBuildConfiguration;
			buildSettings = {
				ALWAYS_SEARCH_USER_PATHS = NO;
				CLANG_ANALYZER_NONNULL = YES;
				CLANG_ANALYZER_NUMBER_OBJECT_CONVERSION = YES_AGGRESSIVE;
				CLANG_CXX_LANGUAGE_STANDARD = "gnu++0x";
				CLANG_CXX_LIBRARY = "libc++";
				CLANG_ENABLE_MODULES = YES;
				CLANG_ENABLE_OBJC_ARC = YES;
				CLANG_WARN_BOOL_CONVERSION = YES;
				CLANG_WARN_CONSTANT_CONVERSION = YES;
				CLANG_WARN_DIRECT_OBJC_ISA_USAGE = YES_ERROR;
				CLANG_WARN_DOCUMENTATION_COMMENTS = YES;
				CLANG_WARN_EMPTY_BODY = YES;
				CLANG_WARN_ENUM_CONVERSION = YES;
				CLANG_WARN_INFINITE_RECURSION = YES;
				CLANG_WARN_INT_CONVERSION = YES;
				CLANG_WARN_OBJC_ROOT_CLASS = YES_ERROR;
				CLANG_WARN_SUSPICIOUS_MOVE = YES;
				CLANG_WARN_UNREACHABLE_CODE = YES;
				CLANG_WARN__DUPLICATE_METHOD_MATCH = YES;
				CODE_SIGN_IDENTITY = "-";
				COPY_PHASE_STRIP = NO;
				DEBUG_INFORMATION_FORMAT = "dwarf-with-dsym";
				ENABLE_NS_ASSERTIONS = NO;
				ENABLE_STRICT_OBJC_MSGSEND = YES;
				GCC_C_LANGUAGE_STANDARD = gnu99;
				GCC_NO_COMMON_BLOCKS = YES;
				GCC_WARN_64_TO_32_BIT_CONVERSION = YES;
				GCC_WARN_ABOUT_RETURN_TYPE = YES_ERROR;
				GCC_WARN_UNDECLARED_SELECTOR = YES;
				GCC_WARN_UNINITIALIZED_AUTOS = YES_AGGRESSIVE;
				GCC_WARN_UNUSED_FUNCTION = YES;
				GCC_WARN_UNUSED_VARIABLE = YES;
				MACOSX_DEPLOYMENT_TARGET = 10.12;
				MTL_ENABLE_DEBUG_INFO = NO;
				SDKROOT = macosx;
			};
			name = Release;
		};
		3609FD001EE1AECD003F52C5 /* Debug */ = {
			isa = XCBuildConfiguration;
			buildSettings = {
				HEADER_SEARCH_PATHS = /usr/local/include;
				LIBRARY_SEARCH_PATHS = (
					"$(inherited)",
					/usr/local/Cellar/glew/2.0.0/lib,
					/usr/local/Cellar/glfw/3.2.1/lib,
				);
				PRODUCT_NAME = "$(TARGET_NAME)";
			};
			name = Debug;
		};
		3609FD011EE1AECD003F52C5 /* Release */ = {
			isa = XCBuildConfiguration;
			buildSettings = {
				HEADER_SEARCH_PATHS = /usr/local/include;
				LIBRARY_SEARCH_PATHS = (
					"$(inherited)",
					/usr/local/Cellar/glew/2.0.0/lib,
					/usr/local/Cellar/glfw/3.2.1/lib,
				);
				PRODUCT_NAME = "$(TARGET_NAME)";
			};
			name = Release;
		};
/* End XCBuildConfiguration section */

/* Begin XCConfigurationList section */
		3609FCF31EE1AECD003F52C5 /* Build configuration list for PBXProject "learning-1" */ = {
			isa = XCConfigurationList;
			buildConfigurations = (
				3609FCFD1EE1AECD003F52C5 /* Debug */,
				3609FCFE1EE1AECD003F52C5 /* Release */,
			);
			defaultConfigurationIsVisible = 0;
			defaultConfigurationName = Release;
		};
		3609FCFF1EE1AECD003F52C5 /* Build configuration list for PBXNativeTarget "learning-1" */ = {
			isa = XCConfigurationList;
			buildConfigurations = (
				3609FD001EE1AECD003F52C5 /* Debug */,
				3609FD011EE1AECD003F52C5 /* Release */,
			);
			defaultConfigurationIsVisible = 0;
			defaultConfigurationName = Release;
		};
/* End XCConfigurationList section */
	};
	rootObject = 3609FCF01EE1AECD003F52C5 /* Project object */;
}
